
Microsoft Visual Studio Solution File, Format Version 12.00
# Visual Studio 2012
Project("{2150E333-8FDC-42A3-9474-1A3956D46DE8}") = "src", "src", "{7A73E3DB-F7EF-4F58-8B10-56079BFE0460}"
EndProject
Project("{FAE04EC0-301F-11D3-BF4B-00C04F79EFBC}") = "Scrypt", "src\Scrypt\Scrypt.csproj", "{F27E95A9-FC05-43D0-9801-00C496B497EA}"
EndProject
Project("{2150E333-8FDC-42A3-9474-1A3956D46DE8}") = "test", "test", "{4D4861C8-D3BE-436F-968C-6862C6FA8BCD}"
EndProject
Global
	GlobalSection(SolutionConfigurationPlatforms) = preSolution
		Debug|Any CPU = Debug|Any CPU
		Debug|x64 = Debug|x64
		Debug|x86 = Debug|x86
		Release|Any CPU = Release|Any CPU
		Release|x64 = Release|x64
		Release|x86 = Release|x86
	EndGlobalSection
	GlobalSection(ProjectConfigurationPlatforms) = postSolution
		{F27E95A9-FC05-43D0-9801-00C496B497EA}.Debug|Any CPU.ActiveCfg = Debug|Any CPU
		{F27E95A9-FC05-43D0-9801-00C496B497EA}.Debug|Any CPU.Build.0 = Debug|Any CPU
		{F27E95A9-FC05-43D0-9801-00C496B497EA}.Debug|x64.ActiveCfg = Debug|Any CPU
		{F27E95A9-FC05-43D0-9801-00C496B497EA}.Debug|x64.Build.0 = Debug|Any CPU
		{F27E95A9-FC05-43D0-9801-00C496B497EA}.Debug|x86.ActiveCfg = Debug|Any CPU
		{F27E95A9-FC05-43D0-9801-00C496B497EA}.Debug|x86.Build.0 = Debug|Any CPU
		{F27E95A9-FC05-43D0-9801-00C496B497EA}.Release|Any CPU.ActiveCfg = Release|Any CPU
		{F27E95A9-FC05-43D0-9801-00C496B497EA}.Release|Any CPU.Build.0 = Release|Any CPU
		{F27E95A9-FC05-43D0-9801-00C496B497EA}.Release|x64.ActiveCfg = Release|Any CPU
		{F27E95A9-FC05-43D0-9801-00C496B497EA}.Release|x64.Build.0 = Release|Any CPU
		{F27E95A9-FC05-43D0-9801-00C496B497EA}.Release|x86.ActiveCfg = Release|Any CPU
		{F27E95A9-FC05-43D0-9801-00C496B497EA}.Release|x86.Build.0 = Release|Any CPU
	EndGlobalSection
	GlobalSection(NestedProjects) = preSolution
		{F27E95A9-FC05-43D0-9801-00C496B497EA} = {7A73E3DB-F7EF-4F58-8B10-56079BFE0460}
	EndGlobalSection
	GlobalSection(MonoDevelopProperties) = preSolution
		StartupItem = src\Scrypt\Scrypt.csproj
		Policies = $0
		$0.DotNetNamingPolicy = $1
		$1.DirectoryNamespaceAssociation = None
		$1.ResourceNamePolicy = FileFormatDefault
		$0.TextStylePolicy = $2
		$2.inheritsSet = VisualStudio
		$2.inheritsScope = text/plain
		$2.scope = text/x-csharp
		$0.CSharpFormattingPolicy = $3
		$3.IndentSwitchBody = True
		$3.AnonymousMethodBraceStyle = NextLine
		$3.PropertyBraceStyle = NextLine
		$3.PropertyGetBraceStyle = NextLine
		$3.PropertySetBraceStyle = NextLine
		$3.EventBraceStyle = NextLine
		$3.EventAddBraceStyle = NextLine
		$3.EventRemoveBraceStyle = NextLine
		$3.StatementBraceStyle = NextLine
		$3.ElseNewLinePlacement = NewLine
		$3.CatchNewLinePlacement = NewLine
		$3.FinallyNewLinePlacement = NewLine
		$3.WhileNewLinePlacement = DoNotCare
		$3.ArrayInitializerWrapping = DoNotChange
		$3.ArrayInitializerBraceStyle = NextLine
		$3.BeforeMethodDeclarationParentheses = False
		$3.BeforeMethodCallParentheses = False
		$3.BeforeConstructorDeclarationParentheses = False
		$3.BeforeDelegateDeclarationParentheses = False
		$3.NewParentheses = False
		$3.SpacesBeforeBrackets = False
		$3.inheritsSet = Mono
		$3.inheritsScope = text/x-csharp
		$3.scope = text/x-csharp
	EndGlobalSection
	GlobalSection(SolutionProperties) = preSolution
		HideSolutionNode = FALSE
	EndGlobalSection
EndGlobal
